
Microsoft Visual Studio Solution File, Format Version 12.00
# Visual Studio Version 17
VisualStudioVersion = 17.6.33829.357
MinimumVisualStudioVersion = 10.0.40219.1
Project("{FAE04EC0-301F-11D3-BF4B-00C04F79EFBC}") = "caMultiplicacao", "caMultiplicacao\caMultiplicacao.csproj", "{B4741550-C03C-4D93-A497-163DF44A952A}"
EndProject
Global
	GlobalSection(SolutionConfigurationPlatforms) = preSolution
		Debug|Any CPU = Debug|Any CPU
		Release|Any CPU = Release|Any CPU
	EndGlobalSection
	GlobalSection(ProjectConfigurationPlatforms) = postSolution
		{B4741550-C03C-4D93-A497-163DF44A952A}.Debug|Any CPU.ActiveCfg = Debug|Any CPU
		{B4741550-C03C-4D93-A497-163DF44A952A}.Debug|Any CPU.Build.0 = Debug|Any CPU
		{B4741550-C03C-4D93-A497-163DF44A952A}.Release|Any CPU.ActiveCfg = Release|Any CPU
		{B4741550-C03C-4D93-A497-163DF44A952A}.Release|Any CPU.Build.0 = Release|Any CPU
	EndGlobalSection
	GlobalSection(SolutionProperties) = preSolution
		HideSolutionNode = FALSE
	EndGlobalSection
	GlobalSection(ExtensibilityGlobals) = postSolution
		SolutionGuid = {B0BE696E-87B7-41A7-88D9-CED531A2834E}
	EndGlobalSection
EndGlobal
